{
  "nodes": {
    "abseil-src": {
      "flake": false,
      "locked": {
        "lastModified": 1722535511,
        "narHash": "sha256-51jpDhdZ0n+KLmxh8KVaTz53pZAB0dHjmILFX+OLud4=",
        "owner": "abseil",
        "repo": "abseil-cpp",
        "rev": "4447c7562e3bc702ade25105912dce503f0c4010",
        "type": "github"
      },
      "original": {
        "owner": "abseil",
        "ref": "20240722.0",
        "repo": "abseil-cpp",
        "type": "github"
      }
    },
    "abseil-src_2": {
      "flake": false,
      "locked": {
        "lastModified": 1722535511,
        "narHash": "sha256-51jpDhdZ0n+KLmxh8KVaTz53pZAB0dHjmILFX+OLud4=",
        "owner": "abseil",
        "repo": "abseil-cpp",
        "rev": "4447c7562e3bc702ade25105912dce503f0c4010",
        "type": "github"
      },
      "original": {
        "owner": "abseil",
        "ref": "20240722.0",
        "repo": "abseil-cpp",
        "type": "github"
      }
    },
    "asio-src": {
      "flake": false,
      "locked": {
        "lastModified": 1702548444,
        "narHash": "sha256-8Xo6J6+dTvDtsthjbLMMTInHMDnMMM0rQwzbZu70J/s=",
        "owner": "chriskohlhoff",
        "repo": "asio",
        "rev": "22ccfc94fc77356f7820601f9f33b9129a337d2d",
        "type": "github"
      },
      "original": {
        "owner": "chriskohlhoff",
        "ref": "asio-1-30-0",
        "repo": "asio",
        "type": "github"
      }
    },
    "asio-src_2": {
      "flake": false,
      "locked": {
        "lastModified": 1702548444,
        "narHash": "sha256-8Xo6J6+dTvDtsthjbLMMTInHMDnMMM0rQwzbZu70J/s=",
        "owner": "chriskohlhoff",
        "repo": "asio",
        "rev": "22ccfc94fc77356f7820601f9f33b9129a337d2d",
        "type": "github"
      },
      "original": {
        "owner": "chriskohlhoff",
        "ref": "asio-1-30-0",
        "repo": "asio",
        "type": "github"
      }
    },
    "base16": {
      "inputs": {
        "fromYaml": "fromYaml"
      },
      "locked": {
        "lastModified": 1755819240,
        "narHash": "sha256-qcMhnL7aGAuFuutH4rq9fvAhCpJWVHLcHVZLtPctPlo=",
        "owner": "SenchoPens",
        "repo": "base16.nix",
        "rev": "75ed5e5e3fce37df22e49125181fa37899c3ccd6",
        "type": "github"
      },
      "original": {
        "owner": "SenchoPens",
        "repo": "base16.nix",
        "type": "github"
      }
    },
    "base16-fish": {
      "flake": false,
      "locked": {
        "lastModified": 1765809053,
        "narHash": "sha256-XCUQLoLfBJ8saWms2HCIj4NEN+xNsWBlU1NrEPcQG4s=",
        "owner": "tomyun",
        "repo": "base16-fish",
        "rev": "86cbea4dca62e08fb7fd83a70e96472f92574782",
        "type": "github"
      },
      "original": {
        "owner": "tomyun",
        "repo": "base16-fish",
        "rev": "86cbea4dca62e08fb7fd83a70e96472f92574782",
        "type": "github"
      }
    },
    "base16-helix": {
      "flake": false,
      "locked": {
        "lastModified": 1776754714,
        "narHash": "sha256-E3OAK27smtATTmX45uoTSRsVD+Y+ZiVVfgM/tjpbtYg=",
        "owner": "tinted-theming",
        "repo": "base16-helix",
        "rev": "4d508123037e7851ad36ebf7d9c48b0e9e1eb581",
        "type": "github"
      },
      "original": {
        "owner": "tinted-theming",
        "repo": "base16-helix",
        "type": "github"
      }
    },
    "base16-vim": {
      "flake": false,
      "locked": {
        "lastModified": 1732806396,
        "narHash": "sha256-e0bpPySdJf0F68Ndanwm+KWHgQiZ0s7liLhvJSWDNsA=",
        "owner": "tinted-theming",
        "repo": "base16-vim",
        "rev": "577fe8125d74ff456cf942c733a85d769afe58b7",
        "type": "github"
      },
      "original": {
        "owner": "tinted-theming",
        "repo": "base16-vim",
        "rev": "577fe8125d74ff456cf942c733a85d769afe58b7",
        "type": "github"
      }
    },
    "cachyos-kernel": {
      "flake": false,
      "locked": {
        "lastModified": 1777639499,
        "narHash": "sha256-EyELzah58EHIADP4siMoSzsCOPd71bZkmlVpcUb9Oi8=",
        "owner": "CachyOS",
        "repo": "linux-cachyos",
        "rev": "1c6414dbda46c13abcb951ef6c5a790cb9e157ea",
        "type": "github"
      },
      "original": {
        "owner": "CachyOS",
        "repo": "linux-cachyos",
        "type": "github"
      }
    },
    "cachyos-kernel-patches": {
      "flake": false,
      "locked": {
        "lastModified": 1777306094,
        "narHash": "sha256-YNvqoVdMe/SqXm91cpCA6mVOigK3Zzoab6HPvMiqGqo=",
        "owner": "CachyOS",
        "repo": "kernel-patches",
        "rev": "9bcd294d660c932f55f732d951ee79ea707f64f3",
        "type": "github"
      },
      "original": {
        "owner": "CachyOS",
        "repo": "kernel-patches",
        "type": "github"
      }
    },
    "crane": {
      "locked": {
        "lastModified": 1777242778,
        "narHash": "sha256-VWTeqWeb8Sel/QiWyaPvCa9luAbcGawR+Rw09FJoHz0=",
        "owner": "ipetkov",
        "repo": "crane",
        "rev": "ad8b31ad0ba8448bd958d7a5d50d811dc5d271c0",
        "type": "github"
      },
      "original": {
        "owner": "ipetkov",
        "repo": "crane",
        "type": "github"
      }
    },
    "curl-src": {
      "flake": false,
      "locked": {
        "lastModified": 1743572790,
        "narHash": "sha256-huAGWNm2rYBmgzUuYQ21IYp2skyQECelEkXPMBJY3cE=",
        "owner": "curl",
        "repo": "curl",
        "rev": "1c3149881769e7bd79b072e48374e4c2b3678b2f",
        "type": "github"
      },
      "original": {
        "owner": "curl",
        "ref": "curl-8_13_0",
        "repo": "curl",
        "type": "github"
      }
    },
    "curl-src_2": {
      "flake": false,
      "locked": {
        "lastModified": 1743572790,
        "narHash": "sha256-huAGWNm2rYBmgzUuYQ21IYp2skyQECelEkXPMBJY3cE=",
        "owner": "curl",
        "repo": "curl",
        "rev": "1c3149881769e7bd79b072e48374e4c2b3678b2f",
        "type": "github"
      },
      "original": {
        "owner": "curl",
        "ref": "curl-8_13_0",
        "repo": "curl",
        "type": "github"
      }
    },
    "disko": {
      "inputs": {
        "nixpkgs": [
          "nixpkgs"
        ]
      },
      "locked": {
        "lastModified": 1777713215,
        "narHash": "sha256-8GzXDOXckDWwST8TY5DbwYFjdvQLlP7K9CLSVx6iTTo=",
        "owner": "nix-community",
        "repo": "disko",
        "rev": "63b4e7e6cf75307c1d26ac3762b886b5b0247267",
        "type": "github"
      },
      "original": {
        "owner": "nix-community",
        "repo": "disko",
        "type": "github"
      }
    },
    "firefox-addons": {
      "inputs": {
        "nixpkgs": [
          "nixpkgs"
        ]
      },
      "locked": {
        "dir": "pkgs/firefox-addons",
        "lastModified": 1777780968,
        "narHash": "sha256-fAa+zSSm2mkwisUAc57msWqkWQX4NFtoet0ByNEABQQ=",
        "owner": "rycee",
        "repo": "nur-expressions",
        "rev": "e9ca0e5418667ab8d2c14ec03b97f35be6148592",
        "type": "gitlab"
      },
      "original": {
        "dir": "pkgs/firefox-addons",
        "owner": "rycee",
        "repo": "nur-expressions",
        "type": "gitlab"
      }
    },
    "firefox-gnome-theme": {
      "flake": false,
      "locked": {
        "lastModified": 1776136500,
        "narHash": "sha256-r0gN2brVWA351zwMV0Flmlcd6SGMvYqFbvC3DfKFM8Y=",
        "owner": "rafaelmardojai",
        "repo": "firefox-gnome-theme",
        "rev": "0f8ba203d475587f477e7ae12661bd8459e225b7",
        "type": "github"
      },
      "original": {
        "owner": "rafaelmardojai",
        "repo": "firefox-gnome-theme",
        "type": "github"
      }
    },
    "flake-compat": {
      "flake": false,
      "locked": {
        "lastModified": 1767039857,
        "narHash": "sha256-vNpUSpF5Nuw8xvDLj2KCwwksIbjua2LZCqhV1LNRDns=",
        "owner": "NixOS",
        "repo": "flake-compat",
        "rev": "5edf11c44bc78a0d334f6334cdaf7d60d732daab",
        "type": "github"
      },
      "original": {
        "owner": "NixOS",
        "repo": "flake-compat",
        "type": "github"
      }
    },
    "flake-compat_2": {
      "flake": false,
      "locked": {
        "lastModified": 1767039857,
        "narHash": "sha256-vNpUSpF5Nuw8xvDLj2KCwwksIbjua2LZCqhV1LNRDns=",
        "owner": "NixOS",
        "repo": "flake-compat",
        "rev": "5edf11c44bc78a0d334f6334cdaf7d60d732daab",
        "type": "github"
      },
      "original": {
        "owner": "NixOS",
        "repo": "flake-compat",
        "type": "github"
      }
    },
    "flake-compat_3": {
      "flake": false,
      "locked": {
        "lastModified": 1767039857,
        "narHash": "sha256-vNpUSpF5Nuw8xvDLj2KCwwksIbjua2LZCqhV1LNRDns=",
        "owner": "NixOS",
        "repo": "flake-compat",
        "rev": "5edf11c44bc78a0d334f6334cdaf7d60d732daab",
        "type": "github"
      },
      "original": {
        "owner": "NixOS",
        "repo": "flake-compat",
        "type": "github"
      }
    },
    "flake-compat_4": {
      "flake": false,
      "locked": {
        "lastModified": 1767039857,
        "narHash": "sha256-vNpUSpF5Nuw8xvDLj2KCwwksIbjua2LZCqhV1LNRDns=",
        "owner": "NixOS",
        "repo": "flake-compat",
        "rev": "5edf11c44bc78a0d334f6334cdaf7d60d732daab",
        "type": "github"
      },
      "original": {
        "owner": "NixOS",
        "repo": "flake-compat",
        "type": "github"
      }
    },
    "flake-parts": {
      "inputs": {
        "nixpkgs-lib": "nixpkgs-lib"
      },
      "locked": {
        "lastModified": 1777678872,
        "narHash": "sha256-EPIFsulyon7Z1vLQq5Fk64GR8L7cQsT+IPhcsukVbgk=",
        "owner": "hercules-ci",
        "repo": "flake-parts",
        "rev": "5250617bffd85403b14dbf43c3870e7f255d2c16",
        "type": "github"
      },
      "original": {
        "owner": "hercules-ci",
        "repo": "flake-parts",
        "type": "github"
      }
    },
    "flake-parts_2": {
      "inputs": {
        "nixpkgs-lib": "nixpkgs-lib_2"
      },
      "locked": {
        "lastModified": 1777678872,
        "narHash": "sha256-EPIFsulyon7Z1vLQq5Fk64GR8L7cQsT+IPhcsukVbgk=",
        "owner": "hercules-ci",
        "repo": "flake-parts",
        "rev": "5250617bffd85403b14dbf43c3870e7f255d2c16",
        "type": "github"
      },
      "original": {
        "owner": "hercules-ci",
        "repo": "flake-parts",
        "type": "github"
      }
    },
    "flake-parts_3": {
      "inputs": {
        "nixpkgs-lib": "nixpkgs-lib_3"
      },
      "locked": {
        "lastModified": 1777678872,
        "narHash": "sha256-EPIFsulyon7Z1vLQq5Fk64GR8L7cQsT+IPhcsukVbgk=",
        "owner": "hercules-ci",
        "repo": "flake-parts",
        "rev": "5250617bffd85403b14dbf43c3870e7f255d2c16",
        "type": "github"
      },
      "original": {
        "owner": "hercules-ci",
        "repo": "flake-parts",
        "type": "github"
      }
    },
    "flake-parts_4": {
      "inputs": {
        "nixpkgs-lib": "nixpkgs-lib_4"
      },
      "locked": {
        "lastModified": 1777678872,
        "narHash": "sha256-EPIFsulyon7Z1vLQq5Fk64GR8L7cQsT+IPhcsukVbgk=",
        "owner": "hercules-ci",
        "repo": "flake-parts",
        "rev": "5250617bffd85403b14dbf43c3870e7f255d2c16",
        "type": "github"
      },
      "original": {
        "owner": "hercules-ci",
        "repo": "flake-parts",
        "type": "github"
      }
    },
    "flake-parts_5": {
      "inputs": {
        "nixpkgs-lib": [
          "stylix",
          "nixpkgs"
        ]
      },
      "locked": {
        "lastModified": 1775087534,
        "narHash": "sha256-91qqW8lhL7TLwgQWijoGBbiD4t7/q75KTi8NxjVmSmA=",
        "owner": "hercules-ci",
        "repo": "flake-parts",
        "rev": "3107b77cd68437b9a76194f0f7f9c55f2329ca5b",
        "type": "github"
      },
      "original": {
        "owner": "hercules-ci",
        "repo": "flake-parts",
        "type": "github"
      }
    },
    "flake-utils": {
      "locked": {
        "lastModified": 1653893745,
        "narHash": "sha256-0jntwV3Z8//YwuOjzhV2sgJJPt+HY6KhU7VZUL0fKZQ=",
        "owner": "numtide",
        "repo": "flake-utils",
        "rev": "1ed9fb1935d260de5fe1c2f7ee0ebaae17ed2fa1",
        "type": "github"
      },
      "original": {
        "owner": "numtide",
        "repo": "flake-utils",
        "type": "github"
      }
    },
    "flake-utils_2": {
      "locked": {
        "lastModified": 1653893745,
        "narHash": "sha256-0jntwV3Z8//YwuOjzhV2sgJJPt+HY6KhU7VZUL0fKZQ=",
        "owner": "numtide",
        "repo": "flake-utils",
        "rev": "1ed9fb1935d260de5fe1c2f7ee0ebaae17ed2fa1",
        "type": "github"
      },
      "original": {
        "owner": "numtide",
        "repo": "flake-utils",
        "type": "github"
      }
    },
    "flake-utils_3": {
      "locked": {
        "lastModified": 1653893745,
        "narHash": "sha256-0jntwV3Z8//YwuOjzhV2sgJJPt+HY6KhU7VZUL0fKZQ=",
        "owner": "numtide",
        "repo": "flake-utils",
        "rev": "1ed9fb1935d260de5fe1c2f7ee0ebaae17ed2fa1",
        "type": "github"
      },
      "original": {
        "owner": "numtide",
        "repo": "flake-utils",
        "type": "github"
      }
    },
    "flake-utils_4": {
      "locked": {
        "lastModified": 1653893745,
        "narHash": "sha256-0jntwV3Z8//YwuOjzhV2sgJJPt+HY6KhU7VZUL0fKZQ=",
        "owner": "numtide",
        "repo": "flake-utils",
        "rev": "1ed9fb1935d260de5fe1c2f7ee0ebaae17ed2fa1",
        "type": "github"
      },
      "original": {
        "owner": "numtide",
        "repo": "flake-utils",
        "type": "github"
      }
    },
    "flake-utils_5": {
      "locked": {
        "lastModified": 1653893745,
        "narHash": "sha256-0jntwV3Z8//YwuOjzhV2sgJJPt+HY6KhU7VZUL0fKZQ=",
        "owner": "numtide",
        "repo": "flake-utils",
        "rev": "1ed9fb1935d260de5fe1c2f7ee0ebaae17ed2fa1",
        "type": "github"
      },
      "original": {
        "owner": "numtide",
        "repo": "flake-utils",
        "type": "github"
      }
    },
    "fmt-src": {
      "flake": false,
      "locked": {
        "lastModified": 1758127535,
        "narHash": "sha256-AZDmIeU1HbadC+K0TIAGogvVnxt0oE9U6ocpawIgl6g=",
        "owner": "fmtlib",
        "repo": "fmt",
        "rev": "e424e3f2e607da02742f73db84873b8084fc714c",
        "type": "github"
      },
      "original": {
        "owner": "fmtlib",
        "ref": "12.0.0",
        "repo": "fmt",
        "type": "github"
      }
    },
    "fmt-src_2": {
      "flake": false,
      "locked": {
        "lastModified": 1758127535,
        "narHash": "sha256-AZDmIeU1HbadC+K0TIAGogvVnxt0oE9U6ocpawIgl6g=",
        "owner": "fmtlib",
        "repo": "fmt",
        "rev": "e424e3f2e607da02742f73db84873b8084fc714c",
        "type": "github"
      },
      "original": {
        "owner": "fmtlib",
        "ref": "12.0.0",
        "repo": "fmt",
        "type": "github"
      }
    },
    "fromYaml": {
      "flake": false,
      "locked": {
        "lastModified": 1731966426,
        "narHash": "sha256-lq95WydhbUTWig/JpqiB7oViTcHFP8Lv41IGtayokA8=",
        "owner": "SenchoPens",
        "repo": "fromYaml",
        "rev": "106af9e2f715e2d828df706c386a685698f3223b",
        "type": "github"
      },
      "original": {
        "owner": "SenchoPens",
        "repo": "fromYaml",
        "type": "github"
      }
    },
    "git-hooks": {
      "inputs": {
        "flake-compat": "flake-compat_2",
        "gitignore": "gitignore_2",
        "nixpkgs": [
          "mesa-git",
          "nixpkgs"
        ]
      },
      "locked": {
        "lastModified": 1776796298,
        "narHash": "sha256-PcRvlWayisPSjd0UcRQbhG8Oqw78AcPE6x872cPRHN8=",
        "owner": "cachix",
        "repo": "git-hooks.nix",
        "rev": "3cfd774b0a530725a077e17354fbdb87ea1c4aad",
        "type": "github"
      },
      "original": {
        "owner": "cachix",
        "repo": "git-hooks.nix",
        "type": "github"
      }
    },
    "git-hooks_2": {
      "inputs": {
        "flake-compat": "flake-compat_4",
        "gitignore": "gitignore_3",
        "nixpkgs": [
          "nix-gaming",
          "nixpkgs"
        ]
      },
      "locked": {
        "lastModified": 1776796298,
        "narHash": "sha256-PcRvlWayisPSjd0UcRQbhG8Oqw78AcPE6x872cPRHN8=",
        "owner": "cachix",
        "repo": "git-hooks.nix",
        "rev": "3cfd774b0a530725a077e17354fbdb87ea1c4aad",
        "type": "github"
      },
      "original": {
        "owner": "cachix",
        "repo": "git-hooks.nix",
        "type": "github"
      }
    },
    "gitignore": {
      "inputs": {
        "nixpkgs": [
          "lanzaboote",
          "pre-commit",
          "nixpkgs"
        ]
      },
      "locked": {
        "lastModified": 1709087332,
        "narHash": "sha256-HG2cCnktfHsKV0s4XW83gU3F57gaTljL9KNSuG6bnQs=",
        "owner": "hercules-ci",
        "repo": "gitignore.nix",
        "rev": "637db329424fd7e46cf4185293b9cc8c88c95394",
        "type": "github"
      },
      "original": {
        "owner": "hercules-ci",
        "repo": "gitignore.nix",
        "type": "github"
      }
    },
    "gitignore_2": {
      "inputs": {
        "nixpkgs": [
          "mesa-git",
          "git-hooks",
          "nixpkgs"
        ]
      },
      "locked": {
        "lastModified": 1709087332,
        "narHash": "sha256-HG2cCnktfHsKV0s4XW83gU3F57gaTljL9KNSuG6bnQs=",
        "owner": "hercules-ci",
        "repo": "gitignore.nix",
        "rev": "637db329424fd7e46cf4185293b9cc8c88c95394",
        "type": "github"
      },
      "original": {
        "owner": "hercules-ci",
        "repo": "gitignore.nix",
        "type": "github"
      }
    },
    "gitignore_3": {
      "inputs": {
        "nixpkgs": [
          "nix-gaming",
          "git-hooks",
          "nixpkgs"
        ]
      },
      "locked": {
        "lastModified": 1709087332,
        "narHash": "sha256-HG2cCnktfHsKV0s4XW83gU3F57gaTljL9KNSuG6bnQs=",
        "owner": "hercules-ci",
        "repo": "gitignore.nix",
        "rev": "637db329424fd7e46cf4185293b9cc8c88c95394",
        "type": "github"
      },
      "original": {
        "owner": "hercules-ci",
        "repo": "gitignore.nix",
        "type": "github"
      }
    },
    "gnome-shell": {
      "flake": false,
      "locked": {
        "lastModified": 1767737596,
        "narHash": "sha256-eFujfIUQDgWnSJBablOuG+32hCai192yRdrNHTv0a+s=",
        "owner": "GNOME",
        "repo": "gnome-shell",
        "rev": "ef02db02bf0ff342734d525b5767814770d85b49",
        "type": "github"
      },
      "original": {
        "owner": "GNOME",
        "repo": "gnome-shell",
        "rev": "ef02db02bf0ff342734d525b5767814770d85b49",
        "type": "github"
      }
    },
    "home-manager": {
      "inputs": {
        "nixpkgs": [
          "nixpkgs"
        ]
      },
      "locked": {
        "lastModified": 1777846259,
        "narHash": "sha256-jzln9xcpVcmEB1zfhJ+FIHd7/kaVHgGF+gQQHxj2fGI=",
        "owner": "nix-community",
        "repo": "home-manager",
        "rev": "4625f26228f4f7ea3cf65eee3023359a8221fcff",
        "type": "github"
      },
      "original": {
        "owner": "nix-community",
        "repo": "home-manager",
        "type": "github"
      }
    },
    "incbin-src": {
      "flake": false,
      "locked": {
        "lastModified": 1748303270,
        "narHash": "sha256-vgOfViZnWTKpBB6vDNDJSB3YuuGGVhg++zsi9Ubatno=",
        "owner": "graphitemaster",
        "repo": "incbin",
        "rev": "22061f51fe9f2f35f061f85c2b217b55dd75310d",
        "type": "github"
      },
      "original": {
        "owner": "graphitemaster",
        "repo": "incbin",
        "rev": "22061f51fe9f2f35f061f85c2b217b55dd75310d",
        "type": "github"
      }
    },
    "incbin-src_2": {
      "flake": false,
      "locked": {
        "lastModified": 1748303270,
        "narHash": "sha256-vgOfViZnWTKpBB6vDNDJSB3YuuGGVhg++zsi9Ubatno=",
        "owner": "graphitemaster",
        "repo": "incbin",
        "rev": "22061f51fe9f2f35f061f85c2b217b55dd75310d",
        "type": "github"
      },
      "original": {
        "owner": "graphitemaster",
        "repo": "incbin",
        "rev": "22061f51fe9f2f35f061f85c2b217b55dd75310d",
        "type": "github"
      }
    },
    "json-src": {
      "flake": false,
      "locked": {
        "lastModified": 1744360948,
        "narHash": "sha256-cECvDOLxgX7Q9R3IE86Hj9JJUxraDQvhoyPDF03B2CY=",
        "owner": "nlohmann",
        "repo": "json",
        "rev": "55f93686c01528224f448c19128836e7df245f72",
        "type": "github"
      },
      "original": {
        "owner": "nlohmann",
        "ref": "v3.12.0",
        "repo": "json",
        "type": "github"
      }
    },
    "json-src_2": {
      "flake": false,
      "locked": {
        "lastModified": 1744360948,
        "narHash": "sha256-cECvDOLxgX7Q9R3IE86Hj9JJUxraDQvhoyPDF03B2CY=",
        "owner": "nlohmann",
        "repo": "json",
        "rev": "55f93686c01528224f448c19128836e7df245f72",
        "type": "github"
      },
      "original": {
        "owner": "nlohmann",
        "ref": "v3.12.0",
        "repo": "json",
        "type": "github"
      }
    },
    "lanzaboote": {
      "inputs": {
        "crane": "crane",
        "nixpkgs": [
          "nixpkgs"
        ],
        "pre-commit": "pre-commit",
        "rust-overlay": "rust-overlay"
      },
      "locked": {
        "lastModified": 1777299656,
        "narHash": "sha256-c0r3xXp2+xFJwkryS+nhyQwoACbFzSt4C1TVs3QMh8E=",
        "owner": "nix-community",
        "repo": "lanzaboote",
        "rev": "079c608988c2747db3902c9de033572cd50e8656",
        "type": "github"
      },
      "original": {
        "owner": "nix-community",
        "repo": "lanzaboote",
        "type": "github"
      }
    },
    "libgit2-src": {
      "flake": false,
      "locked": {
        "lastModified": 1749227175,
        "narHash": "sha256-/xI3v7LNhpgfjv/m+sZwYDhhYvS6kQYxiiiG3+EF8Mw=",
        "owner": "libgit2",
        "repo": "libgit2",
        "rev": "0060d9cf5666f015b1067129bd874c6cc4c9c7ac",
        "type": "github"
      },
      "original": {
        "owner": "libgit2",
        "ref": "v1.9.1",
        "repo": "libgit2",
        "type": "github"
      }
    },
    "libgit2-src_2": {
      "flake": false,
      "locked": {
        "lastModified": 1749227175,
        "narHash": "sha256-/xI3v7LNhpgfjv/m+sZwYDhhYvS6kQYxiiiG3+EF8Mw=",
        "owner": "libgit2",
        "repo": "libgit2",
        "rev": "0060d9cf5666f015b1067129bd874c6cc4c9c7ac",
        "type": "github"
      },
      "original": {
        "owner": "libgit2",
        "ref": "v1.9.1",
        "repo": "libgit2",
        "type": "github"
      }
    },
    "luajit-src": {
      "flake": false,
      "locked": {
        "lastModified": 1763177035,
        "narHash": "sha256-oYD86MqmlJpiCuEs4LwVtxvarPtz1RPWm8nJqNE0sBs=",
        "owner": "SteamClientHomebrew",
        "repo": "LuaJIT",
        "rev": "89550023569c3e195e75e12951c067fe5591e0d2",
        "type": "github"
      },
      "original": {
        "owner": "SteamClientHomebrew",
        "ref": "v2.1",
        "repo": "LuaJIT",
        "type": "github"
      }
    },
    "luajit-src_2": {
      "flake": false,
      "locked": {
        "lastModified": 1763177035,
        "narHash": "sha256-oYD86MqmlJpiCuEs4LwVtxvarPtz1RPWm8nJqNE0sBs=",
        "owner": "SteamClientHomebrew",
        "repo": "LuaJIT",
        "rev": "89550023569c3e195e75e12951c067fe5591e0d2",
        "type": "github"
      },
      "original": {
        "owner": "SteamClientHomebrew",
        "ref": "v2.1",
        "repo": "LuaJIT",
        "type": "github"
      }
    },
    "luajson-src": {
      "flake": false,
      "locked": {
        "lastModified": 1763065879,
        "narHash": "sha256-5Mdp4jp+rqz2ufkBa1gMfd8nep+Um+mBdr6+Ut6yz9I=",
        "owner": "SteamClientHomebrew",
        "repo": "LuaJSON",
        "rev": "0c1fabf07c42f3907287d1e4f729e0620c1fe6fd",
        "type": "github"
      },
      "original": {
        "owner": "SteamClientHomebrew",
        "repo": "LuaJSON",
        "rev": "0c1fabf07c42f3907287d1e4f729e0620c1fe6fd",
        "type": "github"
      }
    },
    "luajson-src_2": {
      "flake": false,
      "locked": {
        "lastModified": 1763065879,
        "narHash": "sha256-5Mdp4jp+rqz2ufkBa1gMfd8nep+Um+mBdr6+Ut6yz9I=",
        "owner": "SteamClientHomebrew",
        "repo": "LuaJSON",
        "rev": "0c1fabf07c42f3907287d1e4f729e0620c1fe6fd",
        "type": "github"
      },
      "original": {
        "owner": "SteamClientHomebrew",
        "repo": "LuaJSON",
        "rev": "0c1fabf07c42f3907287d1e4f729e0620c1fe6fd",
        "type": "github"
      }
    },
    "mesa-git": {
      "inputs": {
        "git-hooks": "git-hooks",
        "nixpkgs": [
          "nixpkgs"
        ]
      },
      "locked": {
        "lastModified": 1777790704,
        "narHash": "sha256-EtwnnElxmGBsrDXOadHMWlrbX7C6FWoWMVoyVAXZnSI=",
        "owner": "daaboulex",
        "repo": "mesa-git-nix",
        "rev": "95db679fafd8e147f156a747f5793d9babedd565",
        "type": "github"
      },
      "original": {
        "owner": "daaboulex",
        "repo": "mesa-git-nix",
        "type": "github"
      }
    },
    "millennium": {
      "inputs": {
        "abseil-src": "abseil-src",
        "asio-src": "asio-src",
        "curl-src": "curl-src",
        "fmt-src": "fmt-src",
        "incbin-src": "incbin-src",
        "json-src": "json-src",
        "libgit2-src": "libgit2-src",
        "luajit-src": "luajit-src",
        "luajson-src": "luajson-src",
        "millennium-src": "millennium-src",
        "minhook-src": "minhook-src",
        "mini-src": "mini-src",
        "minizip-src": "minizip-src",
        "nixpkgs": [
          "nix-gaming-edge",
          "nixpkgs"
        ],
        "re2-src": "re2-src",
        "websocketpp-src": "websocketpp-src",
        "zlib-src": "zlib-src"
      },
      "locked": {
        "dir": "packages/nix",
        "lastModified": 1777567645,
        "narHash": "sha256-ccIaFXZnxFBwQh3xF63CerpzqU3QHm8IM3tyQ43WPJk=",
        "owner": "SteamClientHomebrew",
        "repo": "Millennium",
        "rev": "fcb0e5627deecf2fc03067ee3dfb63d37e8e82d4",
        "type": "github"
      },
      "original": {
        "dir": "packages/nix",
        "owner": "SteamClientHomebrew",
        "repo": "Millennium",
        "type": "github"
      }
    },
    "millennium-src": {
      "flake": false,
      "locked": {
        "lastModified": 1770463863,
        "narHash": "sha256-MceGTpXobCAh5Ll/1iTWcEf6/nHY3Ll1t06JxbYc+Co=",
        "owner": "SteamClientHomebrew",
        "repo": "Millennium",
        "rev": "1bc62c94a06f25f7e8d7e269f11cd968cf576bff",
        "type": "github"
      },
      "original": {
        "owner": "SteamClientHomebrew",
        "repo": "Millennium",
        "rev": "1bc62c94a06f25f7e8d7e269f11cd968cf576bff",
        "type": "github"
      }
    },
    "millennium-src_2": {
      "flake": false,
      "locked": {
        "lastModified": 1777483535,
        "narHash": "sha256-eqbNqc+5PibHLI8xgOrizXOVLcpE52MhmUR4o40S3PY=",
        "owner": "SteamClientHomebrew",
        "repo": "Millennium",
        "rev": "defffd7b6f0cf4d5e53f5a892819966801475704",
        "type": "github"
      },
      "original": {
        "owner": "SteamClientHomebrew",
        "repo": "Millennium",
        "rev": "defffd7b6f0cf4d5e53f5a892819966801475704",
        "type": "github"
      }
    },
    "millennium_2": {
      "inputs": {
        "abseil-src": "abseil-src_2",
        "asio-src": "asio-src_2",
        "curl-src": "curl-src_2",
        "fmt-src": "fmt-src_2",
        "incbin-src": "incbin-src_2",
        "json-src": "json-src_2",
        "libgit2-src": "libgit2-src_2",
        "luajit-src": "luajit-src_2",
        "luajson-src": "luajson-src_2",
        "millennium-src": "millennium-src_2",
        "minhook-src": "minhook-src_2",
        "mini-src": "mini-src_2",
        "minizip-src": "minizip-src_2",
        "nixpkgs": [
          "nixos-millennium",
          "nixpkgs"
        ],
        "re2-src": "re2-src_2",
        "websocketpp-src": "websocketpp-src_2",
        "zlib-src": "zlib-src_2"
      },
      "locked": {
        "dir": "packages/nix",
        "lastModified": 1777740058,
        "narHash": "sha256-ZvVZpQH2F3NwKA0Gki5QJFqb3Zo5WEHuDZoukaabLLY=",
        "owner": "SteamClientHomebrew",
        "repo": "Millennium",
        "rev": "299b10fdf680afadbcea57077cc5f49237fa8025",
        "type": "github"
      },
      "original": {
        "dir": "packages/nix",
        "owner": "SteamClientHomebrew",
        "repo": "Millennium",
        "type": "github"
      }
    },
    "minhook-src": {
      "flake": false,
      "locked": {
        "lastModified": 1743163800,
        "narHash": "sha256-0eGFfg365bb4zic1WTHMvKHbxuhhGp72/clu8OklHXs=",
        "owner": "TsudaKageyu",
        "repo": "minhook",
        "rev": "c3fcafdc10146beb5919319d0683e44e3c30d537",
        "type": "github"
      },
      "original": {
        "owner": "TsudaKageyu",
        "ref": "v1.3.4",
        "repo": "minhook",
        "type": "github"
      }
    },
    "minhook-src_2": {
      "flake": false,
      "locked": {
        "lastModified": 1743163800,
        "narHash": "sha256-0eGFfg365bb4zic1WTHMvKHbxuhhGp72/clu8OklHXs=",
        "owner": "TsudaKageyu",
        "repo": "minhook",
        "rev": "c3fcafdc10146beb5919319d0683e44e3c30d537",
        "type": "github"
      },
      "original": {
        "owner": "TsudaKageyu",
        "ref": "v1.3.4",
        "repo": "minhook",
        "type": "github"
      }
    },
    "mini-src": {
      "flake": false,
      "locked": {
        "lastModified": 1743356736,
        "narHash": "sha256-zBFFOlECbie7+62fTGf+NP4gNmfv2Qddw3ys6xn7o9U=",
        "owner": "metayeti",
        "repo": "mINI",
        "rev": "52b66e987cb56171dc91d96115cdf094b6e4d7a0",
        "type": "github"
      },
      "original": {
        "owner": "metayeti",
        "ref": "0.9.18",
        "repo": "mINI",
        "type": "github"
      }
    },
    "mini-src_2": {
      "flake": false,
      "locked": {
        "lastModified": 1743356736,
        "narHash": "sha256-zBFFOlECbie7+62fTGf+NP4gNmfv2Qddw3ys6xn7o9U=",
        "owner": "metayeti",
        "repo": "mINI",
        "rev": "52b66e987cb56171dc91d96115cdf094b6e4d7a0",
        "type": "github"
      },
      "original": {
        "owner": "metayeti",
        "ref": "0.9.18",
        "repo": "mINI",
        "type": "github"
      }
    },
    "minizip-src": {
      "flake": false,
      "locked": {
        "lastModified": 1746408966,
        "narHash": "sha256-I3CZwtfJMsZYQOMdGhooUN8vssnQj6rCzv8F+rne3vg=",
        "owner": "zlib-ng",
        "repo": "minizip-ng",
        "rev": "f3ed731e27a97e30dffe076ed5e0537daae5c1bd",
        "type": "github"
      },
      "original": {
        "owner": "zlib-ng",
        "ref": "4.0.10",
        "repo": "minizip-ng",
        "type": "github"
      }
    },
    "minizip-src_2": {
      "flake": false,
      "locked": {
        "lastModified": 1746408966,
        "narHash": "sha256-I3CZwtfJMsZYQOMdGhooUN8vssnQj6rCzv8F+rne3vg=",
        "owner": "zlib-ng",
        "repo": "minizip-ng",
        "rev": "f3ed731e27a97e30dffe076ed5e0537daae5c1bd",
        "type": "github"
      },
      "original": {
        "owner": "zlib-ng",
        "ref": "4.0.10",
        "repo": "minizip-ng",
        "type": "github"
      }
    },
    "nix-cachyos-kernel": {
      "inputs": {
        "cachyos-kernel": "cachyos-kernel",
        "cachyos-kernel-patches": "cachyos-kernel-patches",
        "flake-compat": "flake-compat_3",
        "flake-parts": "flake-parts",
        "nixpkgs": "nixpkgs"
      },
      "locked": {
        "lastModified": 1777833240,
        "narHash": "sha256-7mo5njh/3Th0N8vE/rJRPV2kmTPhuhFQe6E9Y3JvToc=",
        "owner": "xddxdd",
        "repo": "nix-cachyos-kernel",
        "rev": "2a54d924dd2267f7f3aecf2ab317f6972aed0963",
        "type": "github"
      },
      "original": {
        "owner": "xddxdd",
        "ref": "release",
        "repo": "nix-cachyos-kernel",
        "type": "github"
      }
    },
    "nix-gaming": {
      "inputs": {
        "flake-parts": "flake-parts_2",
        "git-hooks": "git-hooks_2",
        "nixpkgs": [
          "nixpkgs"
        ]
      },
      "locked": {
        "lastModified": 1777780138,
        "narHash": "sha256-h+rOIsVR2rK4w2rZaQSq98dvgGXixQ+J5Tu3e5t7pDY=",
        "owner": "fufexan",
        "repo": "nix-gaming",
        "rev": "57ab0906ff3b5de6297072d5ea20b02f2463be40",
        "type": "github"
      },
      "original": {
        "owner": "fufexan",
        "repo": "nix-gaming",
        "type": "github"
      }
    },
    "nix-gaming-edge": {
      "inputs": {
        "millennium": "millennium",
        "nixpkgs": [
          "nixpkgs"
        ]
      },
      "locked": {
        "lastModified": 1777730630,
        "narHash": "sha256-bRJ0gAxAMtv6X4sFgiJfEZMRaHxzT37yp6Mj0rAULcI=",
        "owner": "powerofthe69",
        "repo": "nix-gaming-edge",
        "rev": "78319d4a685238bb5611dc7a35d6ca812a035af4",
        "type": "github"
      },
      "original": {
        "owner": "powerofthe69",
        "repo": "nix-gaming-edge",
        "type": "github"
      }
    },
    "nixago": {
      "inputs": {
        "flake-utils": "flake-utils",
        "nixago-exts": "nixago-exts",
        "nixpkgs": [
          "nixpkgs"
        ]
      },
      "locked": {
        "lastModified": 1746801636,
        "narHash": "sha256-dlcKfIXp/eqFHzFm+DzseXAWWlpVwyk9cTvCKGtVKkw=",
        "owner": "jmgilman",
        "repo": "nixago",
        "rev": "8cc33f973ab3a891d8a41391e73ef451a783960b",
        "type": "github"
      },
      "original": {
        "owner": "jmgilman",
        "repo": "nixago",
        "type": "github"
      }
    },
    "nixago-exts": {
      "inputs": {
        "flake-utils": "flake-utils_2",
        "nixago": "nixago_2",
        "nixpkgs": [
          "nixago",
          "nixpkgs"
        ]
      },
      "locked": {
        "lastModified": 1676070308,
        "narHash": "sha256-QaJ65oc2l8iwQIGWUJ0EKjCeSuuCM/LqR8RauxZUUkc=",
        "owner": "nix-community",
        "repo": "nixago-extensions",
        "rev": "e5380cb0456f4ea3c86cf94e3039eb856bf07d0b",
        "type": "github"
      },
      "original": {
        "owner": "nix-community",
        "repo": "nixago-extensions",
        "type": "github"
      }
    },
    "nixago-exts_2": {
      "inputs": {
        "flake-utils": "flake-utils_4",
        "nixago": "nixago_3",
        "nixpkgs": [
          "nixago",
          "nixago-exts",
          "nixago",
          "nixpkgs"
        ]
      },
      "locked": {
        "lastModified": 1655508669,
        "narHash": "sha256-BDDdo5dZQMmwNH/GNacy33nPBnCpSIydWFPZs0kkj/g=",
        "owner": "nix-community",
        "repo": "nixago-extensions",
        "rev": "3022a932ce109258482ecc6568c163e8d0b426aa",
        "type": "github"
      },
      "original": {
        "owner": "nix-community",
        "repo": "nixago-extensions",
        "type": "github"
      }
    },
    "nixago_2": {
      "inputs": {
        "flake-utils": "flake-utils_3",
        "nixago-exts": "nixago-exts_2",
        "nixpkgs": [
          "nixago",
          "nixago-exts",
          "nixpkgs"
        ]
      },
      "locked": {
        "lastModified": 1676070010,
        "narHash": "sha256-iYzJIWptE1EUD8VINAg66AAMUajizg8JUYN3oBmb8no=",
        "owner": "nix-community",
        "repo": "nixago",
        "rev": "d480ba6c0c16e2c5c0bd2122852d6a0c9ad1ed0e",
        "type": "github"
      },
      "original": {
        "owner": "nix-community",
        "ref": "rename-config-data",
        "repo": "nixago",
        "type": "github"
      }
    },
    "nixago_3": {
      "inputs": {
        "flake-utils": "flake-utils_5",
        "nixpkgs": [
          "nixago",
          "nixago-exts",
          "nixago",
          "nixago-exts",
          "nixpkgs"
        ]
      },
      "locked": {
        "lastModified": 1655405483,
        "narHash": "sha256-Crd49aZWNrpczlRTOwWGfwBMsTUoG9vlHDKQC7cx264=",
        "owner": "nix-community",
        "repo": "nixago",
        "rev": "e6a9566c18063db5b120e69e048d3627414e327d",
        "type": "github"
      },
      "original": {
        "owner": "nix-community",
        "repo": "nixago",
        "type": "github"
      }
    },
    "nixos-facter-modules": {
      "locked": {
        "lastModified": 1773858690,
        "narHash": "sha256-oW0/lC0oRG5H5LaK6Rmh9L1wmkn9TbenM4bXwnIEDKA=",
        "owner": "nix-community",
        "repo": "nixos-facter-modules",
        "rev": "139dcef4dfc97009629c445806f197883351ab4a",
        "type": "github"
      },
      "original": {
        "owner": "nix-community",
        "repo": "nixos-facter-modules",
        "type": "github"
      }
    },
    "nixos-millennium": {
      "inputs": {
        "flake-parts": "flake-parts_3",
        "millennium": "millennium_2",
        "nixpkgs": [
          "nixpkgs"
        ]
      },
      "locked": {
        "lastModified": 1777779497,
        "narHash": "sha256-ziWXLnrzBc2pF3kNtmlAQrJ6giiMlpWc8iPHbiiSb3s=",
        "owner": "re1n0",
        "repo": "nixos-millennium",
        "rev": "1fe4bacbecc8637d64623d6fe0308a5c10c08d36",
        "type": "github"
      },
      "original": {
        "owner": "re1n0",
        "repo": "nixos-millennium",
        "type": "github"
      }
    },
    "nixos-rocksmith": {
      "inputs": {
        "flake-parts": "flake-parts_4",
        "nix-gaming": [
          "nix-gaming"
        ],
        "nixpkgs": [
          "nixpkgs"
        ]
      },
      "locked": {
        "lastModified": 1777776002,
        "narHash": "sha256-8obX6Sa9KlV9C57YhsgwoLLmFMcT1/dXf4J0d9gOEJI=",
        "owner": "re1n0",
        "repo": "nixos-rocksmith",
        "rev": "e0787638ee5667fe4e36ca838fd3b08c069efa2f",
        "type": "github"
      },
      "original": {
        "owner": "re1n0",
        "repo": "nixos-rocksmith",
        "type": "github"
      }
    },
    "nixpkgs": {
      "locked": {
        "lastModified": 1777804810,
        "narHash": "sha256-Lkk+9qctMKwRKOmKfS2EXjwK9BtfRWqnrrpWtruHRoM=",
        "owner": "NixOS",
        "repo": "nixpkgs",
        "rev": "3ec981fde07e98a9a5b2481594a373a6a9a4c371",
        "type": "github"
      },
      "original": {
        "owner": "NixOS",
        "ref": "nixos-unstable-small",
        "repo": "nixpkgs",
        "type": "github"
      }
    },
    "nixpkgs-lib": {
      "locked": {
        "lastModified": 1777168982,
        "narHash": "sha256-GOkGPcboWE9BmGCRMLX3worL4EMnsnG8MyKmXNeYuhQ=",
        "owner": "nix-community",
        "repo": "nixpkgs.lib",
        "rev": "f5901329dade4a6ea039af1433fb087bd9c1fe14",
        "type": "github"
      },
      "original": {
        "owner": "nix-community",
        "repo": "nixpkgs.lib",
        "type": "github"
      }
    },
    "nixpkgs-lib_2": {
      "locked": {
        "lastModified": 1777168982,
        "narHash": "sha256-GOkGPcboWE9BmGCRMLX3worL4EMnsnG8MyKmXNeYuhQ=",
        "owner": "nix-community",
        "repo": "nixpkgs.lib",
        "rev": "f5901329dade4a6ea039af1433fb087bd9c1fe14",
        "type": "github"
      },
      "original": {
        "owner": "nix-community",
        "repo": "nixpkgs.lib",
        "type": "github"
      }
    },
    "nixpkgs-lib_3": {
      "locked": {
        "lastModified": 1777168982,
        "narHash": "sha256-GOkGPcboWE9BmGCRMLX3worL4EMnsnG8MyKmXNeYuhQ=",
        "owner": "nix-community",
        "repo": "nixpkgs.lib",
        "rev": "f5901329dade4a6ea039af1433fb087bd9c1fe14",
        "type": "github"
      },
      "original": {
        "owner": "nix-community",
        "repo": "nixpkgs.lib",
        "type": "github"
      }
    },
    "nixpkgs-lib_4": {
      "locked": {
        "lastModified": 1777168982,
        "narHash": "sha256-GOkGPcboWE9BmGCRMLX3worL4EMnsnG8MyKmXNeYuhQ=",
        "owner": "nix-community",
        "repo": "nixpkgs.lib",
        "rev": "f5901329dade4a6ea039af1433fb087bd9c1fe14",
        "type": "github"
      },
      "original": {
        "owner": "nix-community",
        "repo": "nixpkgs.lib",
        "type": "github"
      }
    },
    "nixpkgs_2": {
      "locked": {
        "lastModified": 1777578337,
        "narHash": "sha256-Ad49moKWeXtKBJNy2ebiTQUEgdLyvGmTeykAQ9xM+Z4=",
        "owner": "nixos",
        "repo": "nixpkgs",
        "rev": "15f4ee454b1dce334612fa6843b3e05cf546efab",
        "type": "github"
      },
      "original": {
        "owner": "nixos",
        "ref": "nixos-unstable",
        "repo": "nixpkgs",
        "type": "github"
      }
    },
    "nur": {
      "inputs": {
        "flake-parts": [
          "stylix",
          "flake-parts"
        ],
        "nixpkgs": [
          "stylix",
          "nixpkgs"
        ]
      },
      "locked": {
        "lastModified": 1777598946,
        "narHash": "sha256-X239dAGaU1+gfDj8jKH8GzlqKMcxaVfXOio+uzBOkeE=",
        "owner": "nix-community",
        "repo": "NUR",
        "rev": "5d55af01c0f86be583931fe99207fc56c14134b3",
        "type": "github"
      },
      "original": {
        "owner": "nix-community",
        "repo": "NUR",
        "type": "github"
      }
    },
    "pre-commit": {
      "inputs": {
        "flake-compat": "flake-compat",
        "gitignore": "gitignore",
        "nixpkgs": [
          "lanzaboote",
          "nixpkgs"
        ]
      },
      "locked": {
        "lastModified": 1776796298,
        "narHash": "sha256-PcRvlWayisPSjd0UcRQbhG8Oqw78AcPE6x872cPRHN8=",
        "owner": "cachix",
        "repo": "pre-commit-hooks.nix",
        "rev": "3cfd774b0a530725a077e17354fbdb87ea1c4aad",
        "type": "github"
      },
      "original": {
        "owner": "cachix",
        "repo": "pre-commit-hooks.nix",
        "type": "github"
      }
    },
    "re2-src": {
      "flake": false,
      "locked": {
        "lastModified": 1762353507,
        "narHash": "sha256-0J1HVk+eR7VN0ymucW9dNlT36j16XIfCzcs1EVyEIEU=",
        "owner": "google",
        "repo": "re2",
        "rev": "927f5d53caf8111721e734cf24724686bb745f55",
        "type": "github"
      },
      "original": {
        "owner": "google",
        "ref": "2025-11-05",
        "repo": "re2",
        "type": "github"
      }
    },
    "re2-src_2": {
      "flake": false,
      "locked": {
        "lastModified": 1762353507,
        "narHash": "sha256-0J1HVk+eR7VN0ymucW9dNlT36j16XIfCzcs1EVyEIEU=",
        "owner": "google",
        "repo": "re2",
        "rev": "927f5d53caf8111721e734cf24724686bb745f55",
        "type": "github"
      },
      "original": {
        "owner": "google",
        "ref": "2025-11-05",
        "repo": "re2",
        "type": "github"
      }
    },
    "root": {
      "inputs": {
        "disko": "disko",
        "firefox-addons": "firefox-addons",
        "home-manager": "home-manager",
        "lanzaboote": "lanzaboote",
        "mesa-git": "mesa-git",
        "nix-cachyos-kernel": "nix-cachyos-kernel",
        "nix-gaming": "nix-gaming",
        "nix-gaming-edge": "nix-gaming-edge",
        "nixago": "nixago",
        "nixos-facter-modules": "nixos-facter-modules",
        "nixos-millennium": "nixos-millennium",
        "nixos-rocksmith": "nixos-rocksmith",
        "nixpkgs": "nixpkgs_2",
        "stylix": "stylix"
      }
    },
    "rust-overlay": {
      "inputs": {
        "nixpkgs": [
          "lanzaboote",
          "nixpkgs"
        ]
      },
      "locked": {
        "lastModified": 1777173302,
        "narHash": "sha256-ERiu3cbxvnTDxiDcimRA7af7xp6x1y0sRyLGm28Qzz8=",
        "owner": "oxalica",
        "repo": "rust-overlay",
        "rev": "aaec8c50baeaf2f2ba653e8aae71778a2bbbac94",
        "type": "github"
      },
      "original": {
        "owner": "oxalica",
        "repo": "rust-overlay",
        "type": "github"
      }
    },
    "stylix": {
      "inputs": {
        "base16": "base16",
        "base16-fish": "base16-fish",
        "base16-helix": "base16-helix",
        "base16-vim": "base16-vim",
        "firefox-gnome-theme": "firefox-gnome-theme",
        "flake-parts": "flake-parts_5",
        "gnome-shell": "gnome-shell",
        "nixpkgs": [
          "nixpkgs"
        ],
        "nur": "nur",
        "systems": "systems",
        "tinted-kitty": "tinted-kitty",
        "tinted-schemes": "tinted-schemes",
        "tinted-tmux": "tinted-tmux",
        "tinted-zed": "tinted-zed"
      },
      "locked": {
        "lastModified": 1777835090,
        "narHash": "sha256-VLH8zPweblCOvpnQXp4fVs7f6Q79YhXF5XFKlOrvIFk=",
        "owner": "danth",
        "repo": "stylix",
        "rev": "7989a1054b01153212dede6005abfd1576b8328c",
        "type": "github"
      },
      "original": {
        "owner": "danth",
        "repo": "stylix",
        "type": "github"
      }
    },
    "systems": {
      "locked": {
        "lastModified": 1681028828,
        "narHash": "sha256-Vy1rq5AaRuLzOxct8nz4T6wlgyUR7zLU309k9mBC768=",
        "owner": "nix-systems",
        "repo": "default",
        "rev": "da67096a3b9bf56a91d16901293e51ba5b49a27e",
        "type": "github"
      },
      "original": {
        "owner": "nix-systems",
        "repo": "default",
        "type": "github"
      }
    },
    "tinted-kitty": {
      "flake": false,
      "locked": {
        "lastModified": 1735730497,
        "narHash": "sha256-4KtB+FiUzIeK/4aHCKce3V9HwRvYaxX+F1edUrfgzb8=",
        "owner": "tinted-theming",
        "repo": "tinted-kitty",
        "rev": "de6f888497f2c6b2279361bfc790f164bfd0f3fa",
        "type": "github"
      },
      "original": {
        "owner": "tinted-theming",
        "repo": "tinted-kitty",
        "type": "github"
      }
    },
    "tinted-schemes": {
      "flake": false,
      "locked": {
        "lastModified": 1777041405,
        "narHash": "sha256-BAGZ7ObFV/9Z61OJZun7ifPyhkuHqNuW1QIhQ8LuzCo=",
        "owner": "tinted-theming",
        "repo": "schemes",
        "rev": "5f868b3a338b6904c47f3833b9c411be641983a8",
        "type": "github"
      },
      "original": {
        "owner": "tinted-theming",
        "repo": "schemes",
        "type": "github"
      }
    },
    "tinted-tmux": {
      "flake": false,
      "locked": {
        "lastModified": 1777169200,
        "narHash": "sha256-h7dDbIzP5hDr9v97w9PL6jdAgXawmj6krcH+959rqpU=",
        "owner": "tinted-theming",
        "repo": "tinted-tmux",
        "rev": "f798c2dce44ef815bb6b8f05a82135c7942d35ac",
        "type": "github"
      },
      "original": {
        "owner": "tinted-theming",
        "repo": "tinted-tmux",
        "type": "github"
      }
    },
    "tinted-zed": {
      "flake": false,
      "locked": {
        "lastModified": 1777463218,
        "narHash": "sha256-Bhkozqtq3BKLqWTlmKm8uAptfX4aRGI8QX3eEL54Vpc=",
        "owner": "tinted-theming",
        "repo": "base16-zed",
        "rev": "5768d08ed2e7944a26a958868cdb073cb8856dae",
        "type": "github"
      },
      "original": {
        "owner": "tinted-theming",
        "repo": "base16-zed",
        "type": "github"
      }
    },
    "websocketpp-src": {
      "flake": false,
      "locked": {
        "lastModified": 1587320717,
        "narHash": "sha256-9fIwouthv2GcmBe/UPvV7Xn9P2o0Kmn2hCI4jCh0hPM=",
        "owner": "zaphoyd",
        "repo": "websocketpp",
        "rev": "56123c87598f8b1dd471be83ca841ceae07f95ba",
        "type": "github"
      },
      "original": {
        "owner": "zaphoyd",
        "ref": "0.8.2",
        "repo": "websocketpp",
        "type": "github"
      }
    },
    "websocketpp-src_2": {
      "flake": false,
      "locked": {
        "lastModified": 1587320717,
        "narHash": "sha256-9fIwouthv2GcmBe/UPvV7Xn9P2o0Kmn2hCI4jCh0hPM=",
        "owner": "zaphoyd",
        "repo": "websocketpp",
        "rev": "56123c87598f8b1dd471be83ca841ceae07f95ba",
        "type": "github"
      },
      "original": {
        "owner": "zaphoyd",
        "ref": "0.8.2",
        "repo": "websocketpp",
        "type": "github"
      }
    },
    "zlib-src": {
      "flake": false,
      "locked": {
        "lastModified": 1754565515,
        "narHash": "sha256-c2RYqHi3hj/ViBzJcYWoNib27GAbq/B1SJUfvG7CPG4=",
        "owner": "zlib-ng",
        "repo": "zlib-ng",
        "rev": "425439062b114a0f6cf625022c41d929c7e879f9",
        "type": "github"
      },
      "original": {
        "owner": "zlib-ng",
        "ref": "2.2.5",
        "repo": "zlib-ng",
        "type": "github"
      }
    },
    "zlib-src_2": {
      "flake": false,
      "locked": {
        "lastModified": 1754565515,
        "narHash": "sha256-c2RYqHi3hj/ViBzJcYWoNib27GAbq/B1SJUfvG7CPG4=",
        "owner": "zlib-ng",
        "repo": "zlib-ng",
        "rev": "425439062b114a0f6cf625022c41d929c7e879f9",
        "type": "github"
      },
      "original": {
        "owner": "zlib-ng",
        "ref": "2.2.5",
        "repo": "zlib-ng",
        "type": "github"
      }
    }
  },
  "root": "root",
  "version": 7
}
